
Microsoft Visual Studio Solution File, Format Version 12.00
# Visual Studio Version 17
VisualStudioVersion = 17.0.31903.59
MinimumVisualStudioVersion = 10.0.40219.1
Project("{FAE04EC0-301F-11D3-BF4B-00C04F79EFBC}") = "Signleton", "Signleton\Signleton.csproj", "{EC9971AC-C72E-47E6-BD34-0341D8F43A37}"
EndProject
Project("{FAE04EC0-301F-11D3-BF4B-00C04F79EFBC}") = "FactoryDesignPattern", "FactoryDesignPattern\FactoryDesignPattern.csproj", "{46FD5588-B710-43E9-9B51-21190743478F}"
EndProject
Project("{FAE04EC0-301F-11D3-BF4B-00C04F79EFBC}") = "AbstractFactory", "AbstractFactory\AbstractFactory.csproj", "{472F4241-EFEC-4414-909C-3BA58D21B44C}"
EndProject
Project("{FAE04EC0-301F-11D3-BF4B-00C04F79EFBC}") = "Prototype", "Prototype\Prototype.csproj", "{C742CE6F-816E-4890-9D04-E7D3DA3CF84A}"
EndProject
Project("{FAE04EC0-301F-11D3-BF4B-00C04F79EFBC}") = "Builder", "Builder\Builder.csproj", "{A5CCDDDC-6E30-4211-8098-3C99F39F3BBC}"
EndProject
Global
	GlobalSection(SolutionConfigurationPlatforms) = preSolution
		Debug|Any CPU = Debug|Any CPU
		Release|Any CPU = Release|Any CPU
	EndGlobalSection
	GlobalSection(ProjectConfigurationPlatforms) = postSolution
		{EC9971AC-C72E-47E6-BD34-0341D8F43A37}.Debug|Any CPU.ActiveCfg = Debug|Any CPU
		{EC9971AC-C72E-47E6-BD34-0341D8F43A37}.Debug|Any CPU.Build.0 = Debug|Any CPU
		{EC9971AC-C72E-47E6-BD34-0341D8F43A37}.Release|Any CPU.ActiveCfg = Release|Any CPU
		{EC9971AC-C72E-47E6-BD34-0341D8F43A37}.Release|Any CPU.Build.0 = Release|Any CPU
		{46FD5588-B710-43E9-9B51-21190743478F}.Debug|Any CPU.ActiveCfg = Debug|Any CPU
		{46FD5588-B710-43E9-9B51-21190743478F}.Debug|Any CPU.Build.0 = Debug|Any CPU
		{46FD5588-B710-43E9-9B51-21190743478F}.Release|Any CPU.ActiveCfg = Release|Any CPU
		{46FD5588-B710-43E9-9B51-21190743478F}.Release|Any CPU.Build.0 = Release|Any CPU
		{472F4241-EFEC-4414-909C-3BA58D21B44C}.Debug|Any CPU.ActiveCfg = Debug|Any CPU
		{472F4241-EFEC-4414-909C-3BA58D21B44C}.Debug|Any CPU.Build.0 = Debug|Any CPU
		{472F4241-EFEC-4414-909C-3BA58D21B44C}.Release|Any CPU.ActiveCfg = Release|Any CPU
		{472F4241-EFEC-4414-909C-3BA58D21B44C}.Release|Any CPU.Build.0 = Release|Any CPU
		{C742CE6F-816E-4890-9D04-E7D3DA3CF84A}.Debug|Any CPU.ActiveCfg = Debug|Any CPU
		{C742CE6F-816E-4890-9D04-E7D3DA3CF84A}.Debug|Any CPU.Build.0 = Debug|Any CPU
		{C742CE6F-816E-4890-9D04-E7D3DA3CF84A}.Release|Any CPU.ActiveCfg = Release|Any CPU
		{C742CE6F-816E-4890-9D04-E7D3DA3CF84A}.Release|Any CPU.Build.0 = Release|Any CPU
		{A5CCDDDC-6E30-4211-8098-3C99F39F3BBC}.Debug|Any CPU.ActiveCfg = Debug|Any CPU
		{A5CCDDDC-6E30-4211-8098-3C99F39F3BBC}.Debug|Any CPU.Build.0 = Debug|Any CPU
		{A5CCDDDC-6E30-4211-8098-3C99F39F3BBC}.Release|Any CPU.ActiveCfg = Release|Any CPU
		{A5CCDDDC-6E30-4211-8098-3C99F39F3BBC}.Release|Any CPU.Build.0 = Release|Any CPU
	EndGlobalSection
	GlobalSection(SolutionProperties) = preSolution
		HideSolutionNode = FALSE
	EndGlobalSection
	GlobalSection(ExtensibilityGlobals) = postSolution
		SolutionGuid = {025712F7-9209-469D-9D7E-3AB12489B71C}
	EndGlobalSection
EndGlobal
