
Microsoft Visual Studio Solution File, Format Version 12.00
# Visual Studio Version 17
VisualStudioVersion = 17.0.31903.59
MinimumVisualStudioVersion = 10.0.40219.1
Project("{FAE04EC0-301F-11D3-BF4B-00C04F79EFBC}") = "EntityFrameworkCore", "EntityFrameworkCore\EntityFrameworkCore.csproj", "{2FBE622C-711E-4792-B8E5-532DFC43E3D1}"
EndProject
Global
	GlobalSection(SolutionConfigurationPlatforms) = preSolution
		Debug|Any CPU = Debug|Any CPU
		Release|Any CPU = Release|Any CPU
	EndGlobalSection
	GlobalSection(ProjectConfigurationPlatforms) = postSolution
		{2FBE622C-711E-4792-B8E5-532DFC43E3D1}.Debug|Any CPU.ActiveCfg = Debug|Any CPU
		{2FBE622C-711E-4792-B8E5-532DFC43E3D1}.Debug|Any CPU.Build.0 = Debug|Any CPU
		{2FBE622C-711E-4792-B8E5-532DFC43E3D1}.Release|Any CPU.ActiveCfg = Release|Any CPU
		{2FBE622C-711E-4792-B8E5-532DFC43E3D1}.Release|Any CPU.Build.0 = Release|Any CPU
	EndGlobalSection
	GlobalSection(SolutionProperties) = preSolution
		HideSolutionNode = FALSE
	EndGlobalSection
	GlobalSection(ExtensibilityGlobals) = postSolution
		SolutionGuid = {084B31C2-3993-4515-894E-5CAE03F20904}
	EndGlobalSection
EndGlobal
